
Microsoft Visual Studio Solution File, Format Version 12.00
# Visual Studio Version 17
VisualStudioVersion = 17.8.34511.84
MinimumVisualStudioVersion = 10.0.40219.1
Project("{FAE04EC0-301F-11D3-BF4B-00C04F79EFBC}") = "Finance Moniter", "Finance Moniter\Finance Moniter.csproj", "{55528F57-2507-42F8-AC68-0100F0883131}"
EndProject
Global
	GlobalSection(SolutionConfigurationPlatforms) = preSolution
		Debug|Any CPU = Debug|Any CPU
		Release|Any CPU = Release|Any CPU
	EndGlobalSection
	GlobalSection(ProjectConfigurationPlatforms) = postSolution
		{55528F57-2507-42F8-AC68-0100F0883131}.Debug|Any CPU.ActiveCfg = Debug|Any CPU
		{55528F57-2507-42F8-AC68-0100F0883131}.Debug|Any CPU.Build.0 = Debug|Any CPU
		{55528F57-2507-42F8-AC68-0100F0883131}.Release|Any CPU.ActiveCfg = Release|Any CPU
		{55528F57-2507-42F8-AC68-0100F0883131}.Release|Any CPU.Build.0 = Release|Any CPU
	EndGlobalSection
	GlobalSection(SolutionProperties) = preSolution
		HideSolutionNode = FALSE
	EndGlobalSection
	GlobalSection(ExtensibilityGlobals) = postSolution
		SolutionGuid = {8A2A8093-B512-47A0-BDD7-EBD38494DE72}
	EndGlobalSection
EndGlobal
